<?xml version="1.0" encoding="utf-8"?>
<Project ToolsVersion="4.0" xmlns="http://schemas.microsoft.com/developer/msbuild/2003">
  <ItemGroup>
    <Filter Include="Source Files">
      <UniqueIdentifier>{4FC737F1-C7A5-4376-A066-2A32D752A2FF}</UniqueIdentifier>
      <Extensions>cpp;c;cc;cxx;c++;cppm;ixx;def;odl;idl;hpj;bat;asm;asmx</Extensions>
    </Filter>
    <Filter Include="Header Files">
      <UniqueIdentifier>{93995380-89BD-4b04-88EB-625FBE52EBFB}</UniqueIdentifier>
      <Extensions>h;hh;hpp;hxx;h++;hm;inl;inc;ipp;xsd</Extensions>
    </Filter>
    <Filter Include="Chess Pieces">
      <UniqueIdentifier>{507d7ced-2551-4c80-8701-b1ceee9c79dd}</UniqueIdentifier>
    </Filter>
    <Filter Include="Primitive Shapes">
      <UniqueIdentifier>{484073b5-22bc-445c-b105-bf2599db7ecd}</UniqueIdentifier>
    </Filter>
    <Filter Include="Rendering">
      <UniqueIdentifier>{4d467cf7-8f3d-42ba-ba5f-540633861c29}</UniqueIdentifier>
    </Filter>
  </ItemGroup>
  <ItemGroup>
    <ClCompile Include="main.cpp">
      <Filter>Source Files</Filter>
    </ClCompile>
    <ClCompile Include="components\GameObject.cpp">
      <Filter>Source Files</Filter>
    </ClCompile>
    <ClCompile Include="components\Texture.cpp">
      <Filter>Source Files</Filter>
    </ClCompile>
    <ClCompile Include="components\TextureCube.cpp">
      <Filter>Source Files</Filter>
    </ClCompile>
    <ClCompile Include="components\TextureManager.cpp">
      <Filter>Source Files</Filter>
    </ClCompile>
    <ClCompile Include="components\Chessboard.cpp">
      <Filter>Source Files</Filter>
    </ClCompile>
    <ClCompile Include="stb.cpp">
      <Filter>Source Files</Filter>
    </ClCompile>
    <ClCompile Include="components\Terrain.cpp">
      <Filter>Source Files</Filter>
    </ClCompile>
    <ClCompile Include="PlayerInput.cpp">
      <Filter>Source Files</Filter>
    </ClCompile>
    <ClCompile Include="Cone.cpp">
      <Filter>Primitive Shapes</Filter>
    </ClCompile>
    <ClCompile Include="Sphere.cpp">
      <Filter>Primitive Shapes</Filter>
    </ClCompile>
    <ClCompile Include="Torus.cpp">
      <Filter>Primitive Shapes</Filter>
    </ClCompile>
    <ClCompile Include="PrimitiveShape.cpp">
      <Filter>Primitive Shapes</Filter>
    </ClCompile>
    <ClCompile Include="Chesspiece.cpp">
      <Filter>Chess Pieces</Filter>
    </ClCompile>
    <ClCompile Include="Pawn.cpp">
      <Filter>Chess Pieces</Filter>
    </ClCompile>
    <ClCompile Include="Cube.cpp">
      <Filter>Primitive Shapes</Filter>
    </ClCompile>
    <ClCompile Include="King.cpp">
      <Filter>Chess Pieces</Filter>
    </ClCompile>
    <ClCompile Include="Cylinder.cpp">
      <Filter>Primitive Shapes</Filter>
    </ClCompile>
    <ClCompile Include="Rook.cpp">
      <Filter>Chess Pieces</Filter>
    </ClCompile>
    <ClCompile Include="Queen.cpp">
      <Filter>Chess Pieces</Filter>
    </ClCompile>
    <ClCompile Include="Bishop.cpp">
      <Filter>Chess Pieces</Filter>
    </ClCompile>
    <ClCompile Include="Knight.cpp">
      <Filter>Chess Pieces</Filter>
    </ClCompile>
  </ItemGroup>
  <ItemGroup>
    <ClInclude Include="components\Camera.h">
      <Filter>Header Files</Filter>
    </ClInclude>
    <ClInclude Include="components\GameObject.h">
      <Filter>Header Files</Filter>
    </ClInclude>
    <ClInclude Include="components\Pixel.h">
      <Filter>Header Files</Filter>
    </ClInclude>
    <ClInclude Include="components\Texture.h">
      <Filter>Header Files</Filter>
    </ClInclude>
    <ClInclude Include="components\TextureCube.h">
      <Filter>Header Files</Filter>
    </ClInclude>
    <ClInclude Include="components\TextureManager.h">
      <Filter>Header Files</Filter>
    </ClInclude>
    <ClInclude Include="components\Terrain.h">
      <Filter>Header Files</Filter>
    </ClInclude>
    <ClInclude Include="components\Chessboard.h">
      <Filter>Header Files</Filter>
    </ClInclude>
    <ClInclude Include="PlayerInput.h">
      <Filter>Header Files</Filter>
    </ClInclude>
    <ClInclude Include="Cone.h">
      <Filter>Primitive Shapes</Filter>
    </ClInclude>
    <ClInclude Include="PrimitiveShape.h">
      <Filter>Primitive Shapes</Filter>
    </ClInclude>
    <ClInclude Include="components\Plane.h">
      <Filter>Primitive Shapes</Filter>
    </ClInclude>
    <ClInclude Include="Sphere.h">
      <Filter>Primitive Shapes</Filter>
    </ClInclude>
    <ClInclude Include="Torus.h">
      <Filter>Primitive Shapes</Filter>
    </ClInclude>
    <ClInclude Include="Queen.h">
      <Filter>Chess Pieces</Filter>
    </ClInclude>
    <ClInclude Include="Rook.h">
      <Filter>Chess Pieces</Filter>
    </ClInclude>
    <ClInclude Include="King.h">
      <Filter>Chess Pieces</Filter>
    </ClInclude>
    <ClInclude Include="Knight.h">
      <Filter>Chess Pieces</Filter>
    </ClInclude>
    <ClInclude Include="Pawn.h">
      <Filter>Chess Pieces</Filter>
    </ClInclude>
    <ClInclude Include="PieceColour.h">
      <Filter>Chess Pieces</Filter>
    </ClInclude>
    <ClInclude Include="Bishop.h">
      <Filter>Chess Pieces</Filter>
    </ClInclude>
    <ClInclude Include="Chesspiece.h">
      <Filter>Chess Pieces</Filter>
    </ClInclude>
    <ClInclude Include="Cube.h">
      <Filter>Primitive Shapes</Filter>
    </ClInclude>
    <ClInclude Include="Cylinder.h">
      <Filter>Primitive Shapes</Filter>
    </ClInclude>
    <ClInclude Include="Rendering\Vertex.h">
      <Filter>Rendering</Filter>
    </ClInclude>
    <ClInclude Include="Rendering\Quad.h">
      <Filter>Rendering</Filter>
    </ClInclude>
    <ClInclude Include="Rendering\QuadColour.h">
      <Filter>Rendering</Filter>
    </ClInclude>
  </ItemGroup>
</Project>